
Microsoft Visual Studio Solution File, Format Version 12.00
# Visual Studio Version 16
VisualStudioVersion = 16.0.31624.102
MinimumVisualStudioVersion = 10.0.40219.1
Project("{9A19103F-16F7-4668-BE54-9A1E7A4F7556}") = "Authintication", "Authintication\Authintication.csproj", "{68B220AF-C607-488D-8F1C-8C4B5E6CEC4E}"
EndProject
Global
	GlobalSection(SolutionConfigurationPlatforms) = preSolution
		Debug|Any CPU = Debug|Any CPU
		Release|Any CPU = Release|Any CPU
	EndGlobalSection
	GlobalSection(ProjectConfigurationPlatforms) = postSolution
		{68B220AF-C607-488D-8F1C-8C4B5E6CEC4E}.Debug|Any CPU.ActiveCfg = Debug|Any CPU
		{68B220AF-C607-488D-8F1C-8C4B5E6CEC4E}.Debug|Any CPU.Build.0 = Debug|Any CPU
		{68B220AF-C607-488D-8F1C-8C4B5E6CEC4E}.Release|Any CPU.ActiveCfg = Release|Any CPU
		{68B220AF-C607-488D-8F1C-8C4B5E6CEC4E}.Release|Any CPU.Build.0 = Release|Any CPU
	EndGlobalSection
	GlobalSection(SolutionProperties) = preSolution
		HideSolutionNode = FALSE
	EndGlobalSection
	GlobalSection(ExtensibilityGlobals) = postSolution
		SolutionGuid = {862B1DFA-1BFF-4964-A33C-38FDA24DC27A}
	EndGlobalSection
EndGlobal
